{
  "name": "unitymob-whatsapp-extension",
  "version": "0.4.1",
  "lockfileVersion": 3,
  "requires": true,
  "packages": {
    "": {
      "name": "unitymob-whatsapp-extension",
      "version": "0.4.1",
      "dependencies": {
        "@wppconnect/wa-js": "4.6.0"
      }
    },
    "node_modules/@wppconnect/wa-js": {
      "version": "4.6.0",
      "resolved": "https://registry.npmjs.org/@wppconnect/wa-js/-/wa-js-4.6.0.tgz",
      "integrity": "sha512-epf+ucZO9c25dCaGraslVNHB1mRjid7rfijZhKbalXed/gbDzi6u69wdHCgPbcZW9McVpKmVW+3AzffI39p2SQ==",
      "license": "Apache-2.0",
      "engines": {
        "whatsapp-web": ">=2.3000.1038792969-alpha"
      }
    }
  }
}
